
Microsoft Visual Studio Solution File, Format Version 12.00
# Visual Studio 15
VisualStudioVersion = 15.0.26430.14
MinimumVisualStudioVersion = 10.0.40219.1
Project("{9A19103F-16F7-4668-BE54-9A1E7A4F7556}") = "DeviceManager.Api", "src\DeviceManagerApi\DeviceManager.Api.csproj", "{175410B5-0E02-49DD-95BF-73D7BE2F072C}"
EndProject
Global
	GlobalSection(SolutionConfigurationPlatforms) = preSolution
		Debug|Any CPU = Debug|Any CPU
		Release|Any CPU = Release|Any CPU
	EndGlobalSection
	GlobalSection(ProjectConfigurationPlatforms) = postSolution
		{175410B5-0E02-49DD-95BF-73D7BE2F072C}.Debug|Any CPU.ActiveCfg = Debug|Any CPU
		{175410B5-0E02-49DD-95BF-73D7BE2F072C}.Debug|Any CPU.Build.0 = Debug|Any CPU
		{175410B5-0E02-49DD-95BF-73D7BE2F072C}.Release|Any CPU.ActiveCfg = Release|Any CPU
		{175410B5-0E02-49DD-95BF-73D7BE2F072C}.Release|Any CPU.Build.0 = Release|Any CPU
	EndGlobalSection
	GlobalSection(SolutionProperties) = preSolution
		HideSolutionNode = FALSE
	EndGlobalSection
EndGlobal
